<Solution>
  <Folder Name="/Solution Items/">
    <File Path="compose.yaml" />
  </Folder>
  <Project Path="TBRP.Api\TBRP.Api.csproj" />
  <Project Path="TBRP.DB/TBRP.DB.csproj" />
  <Project Path="TBRP.DiscordBot/TBRP.DiscordBot.csproj" />
  <Project Path="TBRP.Runner\TBRP.Runner.csproj" />
</Solution>
